// !$*UTF8*$!
{
	archiveVersion = 1;
	classes = {
	};
	objectVersion = 56;
	objects = {

/* Begin PBXBuildFile section */
		005741AA2A6FBA7E00033DB6 /* AppDelegate.swift in Sources */ = {isa = PBXBuildFile; fileRef = 005741A92A6FBA7E00033DB6 /* AppDelegate.swift */; };
		005741AC2A6FBA7E00033DB6 /* SceneDelegate.swift in Sources */ = {isa = PBXBuildFile; fileRef = 005741AB2A6FBA7E00033DB6 /* SceneDelegate.swift */; };
		005741AE2A6FBA7E00033DB6 /* ViewController.swift in Sources */ = {isa = PBXBuildFile; fileRef = 005741AD2A6FBA7E00033DB6 /* ViewController.swift */; };
		005741B12A6FBA7E00033DB6 /* Main.storyboard in Resources */ = {isa = PBXBuildFile; fileRef = 005741AF2A6FBA7E00033DB6 /* Main.storyboard */; };
		005741B32A6FBA8000033DB6 /* Assets.xcassets in Resources */ = {isa = PBXBuildFile; fileRef = 005741B22A6FBA8000033DB6 /* Assets.xcassets */; };
		005741B62A6FBA8000033DB6 /* LaunchScreen.storyboard in Resources */ = {isa = PBXBuildFile; fileRef = 005741B42A6FBA8000033DB6 /* LaunchScreen.storyboard */; };
		005741C12A6FBA8000033DB6 /* GitXcodeTests.swift in Sources */ = {isa = PBXBuildFile; fileRef = 005741C02A6FBA8000033DB6 /* GitXcodeTests.swift */; };
		005741CB2A6FBA8000033DB6 /* GitXcodeUITests.swift in Sources */ = {isa = PBXBuildFile; fileRef = 005741CA2A6FBA8000033DB6 /* GitXcodeUITests.swift */; };
		005741CD2A6FBA8000033DB6 /* GitXcodeUITestsLaunchTests.swift in Sources */ = {isa = PBXBuildFile; fileRef = 005741CC2A6FBA8000033DB6 /* GitXcodeUITestsLaunchTests.swift */; };
/* End PBXBuildFile section */

/* Begin PBXContainerItemProxy section */
		005741BD2A6FBA8000033DB6 /* PBXContainerItemProxy */ = {
			isa = PBXContainerItemProxy;
			containerPortal = 0057419E2A6FBA7E00033DB6 /* Project object */;
			proxyType = 1;
			remoteGlobalIDString = 005741A52A6FBA7E00033DB6;
			remoteInfo = GitXcode;
		};
		005741C72A6FBA8000033DB6 /* PBXContainerItemProxy */ = {
			isa = PBXContainerItemProxy;
			containerPortal = 0057419E2A6FBA7E00033DB6 /* Project object */;
			proxyType = 1;
			remoteGlobalIDString = 005741A52A6FBA7E00033DB6;
			remoteInfo = GitXcode;
		};
/* End PBXContainerItemProxy section */

/* Begin PBXFileReference section */
		005741A62A6FBA7E00033DB6 /* GitXcode.app */ = {isa = PBXFileReference; explicitFileType = wrapper.application; includeInIndex = 0; path = GitXcode.app; sourceTree = BUILT_PRODUCTS_DIR; };
		005741A92A6FBA7E00033DB6 /* AppDelegate.swift */ = {isa = PBXFileReference; lastKnownFileType = sourcecode.swift; path = AppDelegate.swift; sourceTree = "<group>"; };
		005741AB2A6FBA7E00033DB6 /* SceneDelegate.swift */ = {isa = PBXFileReference; lastKnownFileType = sourcecode.swift; path = SceneDelegate.swift; sourceTree = "<group>"; };
		005741AD2A6FBA7E00033DB6 /* ViewController.swift */ = {isa = PBXFileReference; lastKnownFileType = sourcecode.swift; path = ViewController.swift; sourceTree = "<group>"; };
		005741B02A6FBA7E00033DB6 /* Base */ = {isa = PBXFileReference; lastKnownFileType = file.storyboard; name = Base; path = Base.lproj/Main.storyboard; sourceTree = "<group>"; };
		005741B22A6FBA8000033DB6 /* Assets.xcassets */ = {isa = PBXFileReference; lastKnownFileType = folder.assetcatalog; path = Assets.xcassets; sourceTree = "<group>"; };
		005741B52A6FBA8000033DB6 /* Base */ = {isa = PBXFileReference; lastKnownFileType = file.storyboard; name = Base; path = Base.lproj/LaunchScreen.storyboard; sourceTree = "<group>"; };
		005741B72A6FBA8000033DB6 /* Info.plist */ = {isa = PBXFileReference; lastKnownFileType = text.plist.xml; path = Info.plist; sourceTree = "<group>"; };
		005741BC2A6FBA8000033DB6 /* GitXcodeTests.xctest */ = {isa = PBXFileReference; explicitFileType = wrapper.cfbundle; includeInIndex = 0; path = GitXcodeTests.xctest; sourceTree = BUILT_PRODUCTS_DIR; };
		005741C02A6FBA8000033DB6 /* GitXcodeTests.swift */ = {isa = PBXFileReference; lastKnownFileType = sourcecode.swift; path = GitXcodeTests.swift; sourceTree = "<group>"; };
		005741C62A6FBA8000033DB6 /* GitXcodeUITests.xctest */ = {isa = PBXFileReference; explicitFileType = wrapper.cfbundle; includeInIndex = 0; path = GitXcodeUITests.xctest; sourceTree = BUILT_PRODUCTS_DIR; };
		005741CA2A6FBA8000033DB6 /* GitXcodeUITests.swift */ = {isa = PBXFileReference; lastKnownFileType = sourcecode.swift; path = GitXcodeUITests.swift; sourceTree = "<group>"; };
		005741CC2A6FBA8000033DB6 /* GitXcodeUITestsLaunchTests.swift */ = {isa = PBXFileReference; lastKnownFileType = sourcecode.swift; path = GitXcodeUITestsLaunchTests.swift; sourceTree = "<group>"; };
/* End PBXFileReference section */

/* Begin PBXFrameworksBuildPhase section */
		005741A32A6FBA7E00033DB6 /* Frameworks */ = {
			isa = PBXFrameworksBuildPhase;
			buildActionMask = 2147483647;
			files = (
			);
			runOnlyForDeploymentPostprocessing = 0;
		};
		005741B92A6FBA8000033DB6 /* Frameworks */ = {
			isa = PBXFrameworksBuildPhase;
			buildActionMask = 2147483647;
			files = (
			);
			runOnlyForDeploymentPostprocessing = 0;
		};
		005741C32A6FBA8000033DB6 /* Frameworks */ = {
			isa = PBXFrameworksBuildPhase;
			buildActionMask = 2147483647;
			files = (
			);
			runOnlyForDeploymentPostprocessing = 0;
		};
/* End PBXFrameworksBuildPhase section */

/* Begin PBXGroup section */
		0057419D2A6FBA7E00033DB6 = {
			isa = PBXGroup;
			children = (
				005741A82A6FBA7E00033DB6 /* GitXcode */,
				005741BF2A6FBA8000033DB6 /* GitXcodeTests */,
				005741C92A6FBA8000033DB6 /* GitXcodeUITests */,
				005741A72A6FBA7E00033DB6 /* Products */,
			);
			sourceTree = "<group>";
		};
		005741A72A6FBA7E00033DB6 /* Products */ = {
			isa = PBXGroup;
			children = (
				005741A62A6FBA7E00033DB6 /* GitXcode.app */,
				005741BC2A6FBA8000033DB6 /* GitXcodeTests.xctest */,
				005741C62A6FBA8000033DB6 /* GitXcodeUITests.xctest */,
			);
			name = Products;
			sourceTree = "<group>";
		};
		005741A82A6FBA7E00033DB6 /* GitXcode */ = {
			isa = PBXGroup;
			children = (
				005741A92A6FBA7E00033DB6 /* AppDelegate.swift */,
				005741AB2A6FBA7E00033DB6 /* SceneDelegate.swift */,
				005741AD2A6FBA7E00033DB6 /* ViewController.swift */,
				005741AF2A6FBA7E00033DB6 /* Main.storyboard */,
				005741B22A6FBA8000033DB6 /* Assets.xcassets */,
				005741B42A6FBA8000033DB6 /* LaunchScreen.storyboard */,
				005741B72A6FBA8000033DB6 /* Info.plist */,
			);
			path = GitXcode;
			sourceTree = "<group>";
		};
		005741BF2A6FBA8000033DB6 /* GitXcodeTests */ = {
			isa = PBXGroup;
			children = (
				005741C02A6FBA8000033DB6 /* GitXcodeTests.swift */,
			);
			path = GitXcodeTests;
			sourceTree = "<group>";
		};
		005741C92A6FBA8000033DB6 /* GitXcodeUITests */ = {
			isa = PBXGroup;
			children = (
				005741CA2A6FBA8000033DB6 /* GitXcodeUITests.swift */,
				005741CC2A6FBA8000033DB6 /* GitXcodeUITestsLaunchTests.swift */,
			);
			path = GitXcodeUITests;
			sourceTree = "<group>";
		};
/* End PBXGroup section */

/* Begin PBXNativeTarget section */
		005741A52A6FBA7E00033DB6 /* GitXcode */ = {
			isa = PBXNativeTarget;
			buildConfigurationList = 005741D02A6FBA8000033DB6 /* Build configuration list for PBXNativeTarget "GitXcode" */;
			buildPhases = (
				005741A22A6FBA7E00033DB6 /* Sources */,
				005741A32A6FBA7E00033DB6 /* Frameworks */,
				005741A42A6FBA7E00033DB6 /* Resources */,
			);
			buildRules = (
			);
			dependencies = (
			);
			name = GitXcode;
			productName = GitXcode;
			productReference = 005741A62A6FBA7E00033DB6 /* GitXcode.app */;
			productType = "com.apple.product-type.application";
		};
		005741BB2A6FBA8000033DB6 /* GitXcodeTests */ = {
			isa = PBXNativeTarget;
			buildConfigurationList = 005741D32A6FBA8000033DB6 /* Build configuration list for PBXNativeTarget "GitXcodeTests" */;
			buildPhases = (
				005741B82A6FBA8000033DB6 /* Sources */,
				005741B92A6FBA8000033DB6 /* Frameworks */,
				005741BA2A6FBA8000033DB6 /* Resources */,
			);
			buildRules = (
			);
			dependencies = (
				005741BE2A6FBA8000033DB6 /* PBXTargetDependency */,
			);
			name = GitXcodeTests;
			productName = GitXcodeTests;
			productReference = 005741BC2A6FBA8000033DB6 /* GitXcodeTests.xctest */;
			productType = "com.apple.product-type.bundle.unit-test";
		};
		005741C52A6FBA8000033DB6 /* GitXcodeUITests */ = {
			isa = PBXNativeTarget;
			buildConfigurationList = 005741D62A6FBA8000033DB6 /* Build configuration list for PBXNativeTarget "GitXcodeUITests" */;
			buildPhases = (
				005741C22A6FBA8000033DB6 /* Sources */,
				005741C32A6FBA8000033DB6 /* Frameworks */,
				005741C42A6FBA8000033DB6 /* Resources */,
			);
			buildRules = (
			);
			dependencies = (
				005741C82A6FBA8000033DB6 /* PBXTargetDependency */,
			);
			name = GitXcodeUITests;
			productName = GitXcodeUITests;
			productReference = 005741C62A6FBA8000033DB6 /* GitXcodeUITests.xctest */;
			productType = "com.apple.product-type.bundle.ui-testing";
		};
/* End PBXNativeTarget section */

/* Begin PBXProject section */
		0057419E2A6FBA7E00033DB6 /* Project object */ = {
			isa = PBXProject;
			attributes = {
				BuildIndependentTargetsInParallel = 1;
				LastSwiftUpdateCheck = 1420;
				LastUpgradeCheck = 1420;
				TargetAttributes = {
					005741A52A6FBA7E00033DB6 = {
						CreatedOnToolsVersion = 14.2;
					};
					005741BB2A6FBA8000033DB6 = {
						CreatedOnToolsVersion = 14.2;
						TestTargetID = 005741A52A6FBA7E00033DB6;
					};
					005741C52A6FBA8000033DB6 = {
						CreatedOnToolsVersion = 14.2;
						TestTargetID = 005741A52A6FBA7E00033DB6;
					};
				};
			};
			buildConfigurationList = 005741A12A6FBA7E00033DB6 /* Build configuration list for PBXProject "GitXcode" */;
			compatibilityVersion = "Xcode 14.0";
			developmentRegion = en;
			hasScannedForEncodings = 0;
			knownRegions = (
				en,
				Base,
			);
			mainGroup = 0057419D2A6FBA7E00033DB6;
			productRefGroup = 005741A72A6FBA7E00033DB6 /* Products */;
			projectDirPath = "";
			projectRoot = "";
			targets = (
				005741A52A6FBA7E00033DB6 /* GitXcode */,
				005741BB2A6FBA8000033DB6 /* GitXcodeTests */,
				005741C52A6FBA8000033DB6 /* GitXcodeUITests */,
			);
		};
/* End PBXProject section */

/* Begin PBXResourcesBuildPhase section */
		005741A42A6FBA7E00033DB6 /* Resources */ = {
			isa = PBXResourcesBuildPhase;
			buildActionMask = 2147483647;
			files = (
				005741B62A6FBA8000033DB6 /* LaunchScreen.storyboard in Resources */,
				005741B32A6FBA8000033DB6 /* Assets.xcassets in Resources */,
				005741B12A6FBA7E00033DB6 /* Main.storyboard in Resources */,
			);
			runOnlyForDeploymentPostprocessing = 0;
		};
		005741BA2A6FBA8000033DB6 /* Resources */ = {
			isa = PBXResourcesBuildPhase;
			buildActionMask = 2147483647;
			files = (
			);
			runOnlyForDeploymentPostprocessing = 0;
		};
		005741C42A6FBA8000033DB6 /* Resources */ = {
			isa = PBXResourcesBuildPhase;
			buildActionMask = 2147483647;
			files = (
			);
			runOnlyForDeploymentPostprocessing = 0;
		};
/* End PBXResourcesBuildPhase section */

/* Begin PBXSourcesBuildPhase section */
		005741A22A6FBA7E00033DB6 /* Sources */ = {
			isa = PBXSourcesBuildPhase;
			buildActionMask = 2147483647;
			files = (
				005741AE2A6FBA7E00033DB6 /* ViewController.swift in Sources */,
				005741AA2A6FBA7E00033DB6 /* AppDelegate.swift in Sources */,
				005741AC2A6FBA7E00033DB6 /* SceneDelegate.swift in Sources */,
			);
			runOnlyForDeploymentPostprocessing = 0;
		};
		005741B82A6FBA8000033DB6 /* Sources */ = {
			isa = PBXSourcesBuildPhase;
			buildActionMask = 2147483647;
			files = (
				005741C12A6FBA8000033DB6 /* GitXcodeTests.swift in Sources */,
			);
			runOnlyForDeploymentPostprocessing = 0;
		};
		005741C22A6FBA8000033DB6 /* Sources */ = {
			isa = PBXSourcesBuildPhase;
			buildActionMask = 2147483647;
			files = (
				005741CD2A6FBA8000033DB6 /* GitXcodeUITestsLaunchTests.swift in Sources */,
				005741CB2A6FBA8000033DB6 /* GitXcodeUITests.swift in Sources */,
			);
			runOnlyForDeploymentPostprocessing = 0;
		};
/* End PBXSourcesBuildPhase section */

/* Begin PBXTargetDependency section */
		005741BE2A6FBA8000033DB6 /* PBXTargetDependency */ = {
			isa = PBXTargetDependency;
			target = 005741A52A6FBA7E00033DB6 /* GitXcode */;
			targetProxy = 005741BD2A6FBA8000033DB6 /* PBXContainerItemProxy */;
		};
		005741C82A6FBA8000033DB6 /* PBXTargetDependency */ = {
			isa = PBXTargetDependency;
			target = 005741A52A6FBA7E00033DB6 /* GitXcode */;
			targetProxy = 005741C72A6FBA8000033DB6 /* PBXContainerItemProxy */;
		};
/* End PBXTargetDependency section */

/* Begin PBXVariantGroup section */
		005741AF2A6FBA7E00033DB6 /* Main.storyboard */ = {
			isa = PBXVariantGroup;
			children = (
				005741B02A6FBA7E00033DB6 /* Base */,
			);
			name = Main.storyboard;
			sourceTree = "<group>";
		};
		005741B42A6FBA8000033DB6 /* LaunchScreen.storyboard */ = {
			isa = PBXVariantGroup;
			children = (
				005741B52A6FBA8000033DB6 /* Base */,
			);
			name = LaunchScreen.storyboard;
			sourceTree = "<group>";
		};
/* End PBXVariantGroup section */

/* Begin XCBuildConfiguration section */
		005741CE2A6FBA8000033DB6 /* Debug */ = {
			isa = XCBuildConfiguration;
			buildSettings = {
				ALWAYS_SEARCH_USER_PATHS = NO;
				CLANG_ANALYZER_NONNULL = YES;
				CLANG_ANALYZER_NUMBER_OBJECT_CONVERSION = YES_AGGRESSIVE;
				CLANG_CXX_LANGUAGE_STANDARD = "gnu++20";
				CLANG_ENABLE_MODULES = YES;
				CLANG_ENABLE_OBJC_ARC = YES;
				CLANG_ENABLE_OBJC_WEAK = YES;
				CLANG_WARN_BLOCK_CAPTURE_AUTORELEASING = YES;
				CLANG_WARN_BOOL_CONVERSION = YES;
				CLANG_WARN_COMMA = YES;
				CLANG_WARN_CONSTANT_CONVERSION = YES;
				CLANG_WARN_DEPRECATED_OBJC_IMPLEMENTATIONS = YES;
				CLANG_WARN_DIRECT_OBJC_ISA_USAGE = YES_ERROR;
				CLANG_WARN_DOCUMENTATION_COMMENTS = YES;
				CLANG_WARN_EMPTY_BODY = YES;
				CLANG_WARN_ENUM_CONVERSION = YES;
				CLANG_WARN_INFINITE_RECURSION = YES;
				CLANG_WARN_INT_CONVERSION = YES;
				CLANG_WARN_NON_LITERAL_NULL_CONVERSION = YES;
				CLANG_WARN_OBJC_IMPLICIT_RETAIN_SELF = YES;
				CLANG_WARN_OBJC_LITERAL_CONVERSION = YES;
				CLANG_WARN_OBJC_ROOT_CLASS = YES_ERROR;
				CLANG_WARN_QUOTED_INCLUDE_IN_FRAMEWORK_HEADER = YES;
				CLANG_WARN_RANGE_LOOP_ANALYSIS = YES;
				CLANG_WARN_STRICT_PROTOTYPES = YES;
				CLANG_WARN_SUSPICIOUS_MOVE = YES;
				CLANG_WARN_UNGUARDED_AVAILABILITY = YES_AGGRESSIVE;
				CLANG_WARN_UNREACHABLE_CODE = YES;
				CLANG_WARN__DUPLICATE_METHOD_MATCH = YES;
				COPY_PHASE_STRIP = NO;
				DEBUG_INFORMATION_FORMAT = dwarf;
				ENABLE_STRICT_OBJC_MSGSEND = YES;
				ENABLE_TESTABILITY = YES;
				GCC_C_LANGUAGE_STANDARD = gnu11;
				GCC_DYNAMIC_NO_PIC = NO;
				GCC_NO_COMMON_BLOCKS = YES;
				GCC_OPTIMIZATION_LEVEL = 0;
				GCC_PREPROCESSOR_DEFINITIONS = (
					"DEBUG=1",
					"$(inherited)",
				);
				GCC_WARN_64_TO_32_BIT_CONVERSION = YES;
				GCC_WARN_ABOUT_RETURN_TYPE = YES_ERROR;
				GCC_WARN_UNDECLARED_SELECTOR = YES;
				GCC_WARN_UNINITIALIZED_AUTOS = YES_AGGRESSIVE;
				GCC_WARN_UNUSED_FUNCTION = YES;
				GCC_WARN_UNUSED_VARIABLE = YES;
				IPHONEOS_DEPLOYMENT_TARGET = 16.2;
				MTL_ENABLE_DEBUG_INFO = INCLUDE_SOURCE;
				MTL_FAST_MATH = YES;
				ONLY_ACTIVE_ARCH = YES;
				SDKROOT = iphoneos;
				SWIFT_ACTIVE_COMPILATION_CONDITIONS = DEBUG;
				SWIFT_OPTIMIZATION_LEVEL = "-Onone";
			};
			name = Debug;
		};
		005741CF2A6FBA8000033DB6 /* Release */ = {
			isa = XCBuildConfiguration;
			buildSettings = {
				ALWAYS_SEARCH_USER_PATHS = NO;
				CLANG_ANALYZER_NONNULL = YES;
				CLANG_ANALYZER_NUMBER_OBJECT_CONVERSION = YES_AGGRESSIVE;
				CLANG_CXX_LANGUAGE_STANDARD = "gnu++20";
				CLANG_ENABLE_MODULES = YES;
				CLANG_ENABLE_OBJC_ARC = YES;
				CLANG_ENABLE_OBJC_WEAK = YES;
				CLANG_WARN_BLOCK_CAPTURE_AUTORELEASING = YES;
				CLANG_WARN_BOOL_CONVERSION = YES;
				CLANG_WARN_COMMA = YES;
				CLANG_WARN_CONSTANT_CONVERSION = YES;
				CLANG_WARN_DEPRECATED_OBJC_IMPLEMENTATIONS = YES;
				CLANG_WARN_DIRECT_OBJC_ISA_USAGE = YES_ERROR;
				CLANG_WARN_DOCUMENTATION_COMMENTS = YES;
				CLANG_WARN_EMPTY_BODY = YES;
				CLANG_WARN_ENUM_CONVERSION = YES;
				CLANG_WARN_INFINITE_RECURSION = YES;
				CLANG_WARN_INT_CONVERSION = YES;
				CLANG_WARN_NON_LITERAL_NULL_CONVERSION = YES;
				CLANG_WARN_OBJC_IMPLICIT_RETAIN_SELF = YES;
				CLANG_WARN_OBJC_LITERAL_CONVERSION = YES;
				CLANG_WARN_OBJC_ROOT_CLASS = YES_ERROR;
				CLANG_WARN_QUOTED_INCLUDE_IN_FRAMEWORK_HEADER = YES;
				CLANG_WARN_RANGE_LOOP_ANALYSIS = YES;
				CLANG_WARN_STRICT_PROTOTYPES = YES;
				CLANG_WARN_SUSPICIOUS_MOVE = YES;
				CLANG_WARN_UNGUARDED_AVAILABILITY = YES_AGGRESSIVE;
				CLANG_WARN_UNREACHABLE_CODE = YES;
				CLANG_WARN__DUPLICATE_METHOD_MATCH = YES;
				COPY_PHASE_STRIP = NO;
				DEBUG_INFORMATION_FORMAT = "dwarf-with-dsym";
				ENABLE_NS_ASSERTIONS = NO;
				ENABLE_STRICT_OBJC_MSGSEND = YES;
				GCC_C_LANGUAGE_STANDARD = gnu11;
				GCC_NO_COMMON_BLOCKS = YES;
				GCC_WARN_64_TO_32_BIT_CONVERSION = YES;
				GCC_WARN_ABOUT_RETURN_TYPE = YES_ERROR;
				GCC_WARN_UNDECLARED_SELECTOR = YES;
				GCC_WARN_UNINITIALIZED_AUTOS = YES_AGGRESSIVE;
				GCC_WARN_UNUSED_FUNCTION = YES;
				GCC_WARN_UNUSED_VARIABLE = YES;
				IPHONEOS_DEPLOYMENT_TARGET = 16.2;
				MTL_ENABLE_DEBUG_INFO = NO;
				MTL_FAST_MATH = YES;
				SDKROOT = iphoneos;
				SWIFT_COMPILATION_MODE = wholemodule;
				SWIFT_OPTIMIZATION_LEVEL = "-O";
				VALIDATE_PRODUCT = YES;
			};
			name = Release;
		};
		005741D12A6FBA8000033DB6 /* Debug */ = {
			isa = XCBuildConfiguration;
			buildSettings = {
				ASSETCATALOG_COMPILER_APPICON_NAME = AppIcon;
				ASSETCATALOG_COMPILER_GLOBAL_ACCENT_COLOR_NAME = AccentColor;
				CODE_SIGN_STYLE = Automatic;
				CURRENT_PROJECT_VERSION = 1;
				GENERATE_INFOPLIST_FILE = YES;
				INFOPLIST_FILE = GitXcode/Info.plist;
				INFOPLIST_KEY_UIApplicationSupportsIndirectInputEvents = YES;
				INFOPLIST_KEY_UILaunchStoryboardName = LaunchScreen;
				INFOPLIST_KEY_UIMainStoryboardFile = Main;
				INFOPLIST_KEY_UISupportedInterfaceOrientations_iPad = "UIInterfaceOrientationPortrait UIInterfaceOrientationPortraitUpsideDown UIInterfaceOrientationLandscapeLeft UIInterfaceOrientationLandscapeRight";
				INFOPLIST_KEY_UISupportedInterfaceOrientations_iPhone = "UIInterfaceOrientationPortrait UIInterfaceOrientationLandscapeLeft UIInterfaceOrientationLandscapeRight";
				LD_RUNPATH_SEARCH_PATHS = (
					"$(inherited)",
					"@executable_path/Frameworks",
				);
				MARKETING_VERSION = 1.0;
				PRODUCT_BUNDLE_IDENTIFIER = com.Pardeepsingh.GitXcode;
				PRODUCT_NAME = "$(TARGET_NAME)";
				SWIFT_EMIT_LOC_STRINGS = YES;
				SWIFT_VERSION = 5.0;
				TARGETED_DEVICE_FAMILY = "1,2";
			};
			name = Debug;
		};
		005741D22A6FBA8000033DB6 /* Release */ = {
			isa = XCBuildConfiguration;
			buildSettings = {
				ASSETCATALOG_COMPILER_APPICON_NAME = AppIcon;
				ASSETCATALOG_COMPILER_GLOBAL_ACCENT_COLOR_NAME = AccentColor;
				CODE_SIGN_STYLE = Automatic;
				CURRENT_PROJECT_VERSION = 1;
				GENERATE_INFOPLIST_FILE = YES;
				INFOPLIST_FILE = GitXcode/Info.plist;
				INFOPLIST_KEY_UIApplicationSupportsIndirectInputEvents = YES;
				INFOPLIST_KEY_UILaunchStoryboardName = LaunchScreen;
				INFOPLIST_KEY_UIMainStoryboardFile = Main;
				INFOPLIST_KEY_UISupportedInterfaceOrientations_iPad = "UIInterfaceOrientationPortrait UIInterfaceOrientationPortraitUpsideDown UIInterfaceOrientationLandscapeLeft UIInterfaceOrientationLandscapeRight";
				INFOPLIST_KEY_UISupportedInterfaceOrientations_iPhone = "UIInterfaceOrientationPortrait UIInterfaceOrientationLandscapeLeft UIInterfaceOrientationLandscapeRight";
				LD_RUNPATH_SEARCH_PATHS = (
					"$(inherited)",
					"@executable_path/Frameworks",
				);
				MARKETING_VERSION = 1.0;
				PRODUCT_BUNDLE_IDENTIFIER = com.Pardeepsingh.GitXcode;
				PRODUCT_NAME = "$(TARGET_NAME)";
				SWIFT_EMIT_LOC_STRINGS = YES;
				SWIFT_VERSION = 5.0;
				TARGETED_DEVICE_FAMILY = "1,2";
			};
			name = Release;
		};
		005741D42A6FBA8000033DB6 /* Debug */ = {
			isa = XCBuildConfiguration;
			buildSettings = {
				ALWAYS_EMBED_SWIFT_STANDARD_LIBRARIES = YES;
				BUNDLE_LOADER = "$(TEST_HOST)";
				CODE_SIGN_STYLE = Automatic;
				CURRENT_PROJECT_VERSION = 1;
				GENERATE_INFOPLIST_FILE = YES;
				IPHONEOS_DEPLOYMENT_TARGET = 16.2;
				MARKETING_VERSION = 1.0;
				PRODUCT_BUNDLE_IDENTIFIER = com.Pardeepsingh.GitXcodeTests;
				PRODUCT_NAME = "$(TARGET_NAME)";
				SWIFT_EMIT_LOC_STRINGS = NO;
				SWIFT_VERSION = 5.0;
				TARGETED_DEVICE_FAMILY = "1,2";
				TEST_HOST = "$(BUILT_PRODUCTS_DIR)/GitXcode.app/$(BUNDLE_EXECUTABLE_FOLDER_PATH)/GitXcode";
			};
			name = Debug;
		};
		005741D52A6FBA8000033DB6 /* Release */ = {
			isa = XCBuildConfiguration;
			buildSettings = {
				ALWAYS_EMBED_SWIFT_STANDARD_LIBRARIES = YES;
				BUNDLE_LOADER = "$(TEST_HOST)";
				CODE_SIGN_STYLE = Automatic;
				CURRENT_PROJECT_VERSION = 1;
				GENERATE_INFOPLIST_FILE = YES;
				IPHONEOS_DEPLOYMENT_TARGET = 16.2;
				MARKETING_VERSION = 1.0;
				PRODUCT_BUNDLE_IDENTIFIER = com.Pardeepsingh.GitXcodeTests;
				PRODUCT_NAME = "$(TARGET_NAME)";
				SWIFT_EMIT_LOC_STRINGS = NO;
				SWIFT_VERSION = 5.0;
				TARGETED_DEVICE_FAMILY = "1,2";
				TEST_HOST = "$(BUILT_PRODUCTS_DIR)/GitXcode.app/$(BUNDLE_EXECUTABLE_FOLDER_PATH)/GitXcode";
			};
			name = Release;
		};
		005741D72A6FBA8000033DB6 /* Debug */ = {
			isa = XCBuildConfiguration;
			buildSettings = {
				ALWAYS_EMBED_SWIFT_STANDARD_LIBRARIES = YES;
				CODE_SIGN_STYLE = Automatic;
				CURRENT_PROJECT_VERSION = 1;
				GENERATE_INFOPLIST_FILE = YES;
				MARKETING_VERSION = 1.0;
				PRODUCT_BUNDLE_IDENTIFIER = com.Pardeepsingh.GitXcodeUITests;
				PRODUCT_NAME = "$(TARGET_NAME)";
				SWIFT_EMIT_LOC_STRINGS = NO;
				SWIFT_VERSION = 5.0;
				TARGETED_DEVICE_FAMILY = "1,2";
				TEST_TARGET_NAME = GitXcode;
			};
			name = Debug;
		};
		005741D82A6FBA8000033DB6 /* Release */ = {
			isa = XCBuildConfiguration;
			buildSettings = {
				ALWAYS_EMBED_SWIFT_STANDARD_LIBRARIES = YES;
				CODE_SIGN_STYLE = Automatic;
				CURRENT_PROJECT_VERSION = 1;
				GENERATE_INFOPLIST_FILE = YES;
				MARKETING_VERSION = 1.0;
				PRODUCT_BUNDLE_IDENTIFIER = com.Pardeepsingh.GitXcodeUITests;
				PRODUCT_NAME = "$(TARGET_NAME)";
				SWIFT_EMIT_LOC_STRINGS = NO;
				SWIFT_VERSION = 5.0;
				TARGETED_DEVICE_FAMILY = "1,2";
				TEST_TARGET_NAME = GitXcode;
			};
			name = Release;
		};
/* End XCBuildConfiguration section */

/* Begin XCConfigurationList section */
		005741A12A6FBA7E00033DB6 /* Build configuration list for PBXProject "GitXcode" */ = {
			isa = XCConfigurationList;
			buildConfigurations = (
				005741CE2A6FBA8000033DB6 /* Debug */,
				005741CF2A6FBA8000033DB6 /* Release */,
			);
			defaultConfigurationIsVisible = 0;
			defaultConfigurationName = Release;
		};
		005741D02A6FBA8000033DB6 /* Build configuration list for PBXNativeTarget "GitXcode" */ = {
			isa = XCConfigurationList;
			buildConfigurations = (
				005741D12A6FBA8000033DB6 /* Debug */,
				005741D22A6FBA8000033DB6 /* Release */,
			);
			defaultConfigurationIsVisible = 0;
			defaultConfigurationName = Release;
		};
		005741D32A6FBA8000033DB6 /* Build configuration list for PBXNativeTarget "GitXcodeTests" */ = {
			isa = XCConfigurationList;
			buildConfigurations = (
				005741D42A6FBA8000033DB6 /* Debug */,
				005741D52A6FBA8000033DB6 /* Release */,
			);
			defaultConfigurationIsVisible = 0;
			defaultConfigurationName = Release;
		};
		005741D62A6FBA8000033DB6 /* Build configuration list for PBXNativeTarget "GitXcodeUITests" */ = {
			isa = XCConfigurationList;
			buildConfigurations = (
				005741D72A6FBA8000033DB6 /* Debug */,
				005741D82A6FBA8000033DB6 /* Release */,
			);
			defaultConfigurationIsVisible = 0;
			defaultConfigurationName = Release;
		};
/* End XCConfigurationList section */
	};
	rootObject = 0057419E2A6FBA7E00033DB6 /* Project object */;
}
